
Microsoft Visual Studio Solution File, Format Version 12.00
# Visual Studio Version 17
VisualStudioVersion = 17.0.31903.59
MinimumVisualStudioVersion = 10.0.40219.1
Project("{2150E333-8FDC-42A3-9474-1A3956D46DE8}") = "src", "src", "{BFB40D99-6EBC-4216-90D3-97302EC08435}"
EndProject
Project("{FAE04EC0-301F-11D3-BF4B-00C04F79EFBC}") = "DotNetArchRef.Api", "src\DotNetArchRef.Api\DotNetArchRef.Api.csproj", "{B0CBCD0E-8748-4271-9915-A3507BEC8B51}"
EndProject
Project("{FAE04EC0-301F-11D3-BF4B-00C04F79EFBC}") = "DotNetArchRef.Domain", "src\DotNetArchRef.Domain\DotNetArchRef.Domain.csproj", "{3CB5444A-DDD1-43B3-A924-A73AD6161227}"
EndProject
Project("{FAE04EC0-301F-11D3-BF4B-00C04F79EFBC}") = "DotNetArchRef.Application", "src\DotNetArchRef.Application\DotNetArchRef.Application.csproj", "{3BECC991-0685-463E-96EE-6BB90503FBDC}"
EndProject
Project("{FAE04EC0-301F-11D3-BF4B-00C04F79EFBC}") = "DotNetArchRef.Infrastructure", "src\DotNetArchRef.Infrastructure\DotNetArchRef.Infrastructure.csproj", "{07A543B3-59DB-4647-B609-8B9CD08BC07E}"
EndProject
Project("{2150E333-8FDC-42A3-9474-1A3956D46DE8}") = "tests", "tests", "{F90FCBBD-D0DA-4763-A8B4-936E9E829900}"
EndProject
Project("{FAE04EC0-301F-11D3-BF4B-00C04F79EFBC}") = "DotNetArchRef.Domain.Tests", "tests\DotNetArchRef.Domain.Tests\DotNetArchRef.Domain.Tests.csproj", "{24FFFD5F-094E-4753-85AC-95CE6BADCE2F}"
EndProject
Project("{FAE04EC0-301F-11D3-BF4B-00C04F79EFBC}") = "DotNetArchRef.Application.Tests", "tests\DotNetArchRef.Application.Tests\DotNetArchRef.Application.Tests.csproj", "{F467A50F-8980-4637-A1E2-396A64C9645E}"
EndProject
Project("{FAE04EC0-301F-11D3-BF4B-00C04F79EFBC}") = "DotNetArchRef.Integration.Tests", "tests\DotNetArchRef.Integration.Tests\DotNetArchRef.Integration.Tests.csproj", "{B9D58F3A-A6A3-4524-B14D-E96D8D48D621}"
EndProject
Global
	GlobalSection(SolutionConfigurationPlatforms) = preSolution
		Debug|Any CPU = Debug|Any CPU
		Release|Any CPU = Release|Any CPU
	EndGlobalSection
	GlobalSection(SolutionProperties) = preSolution
		HideSolutionNode = FALSE
	EndGlobalSection
	GlobalSection(ProjectConfigurationPlatforms) = postSolution
		{B0CBCD0E-8748-4271-9915-A3507BEC8B51}.Debug|Any CPU.ActiveCfg = Debug|Any CPU
		{B0CBCD0E-8748-4271-9915-A3507BEC8B51}.Debug|Any CPU.Build.0 = Debug|Any CPU
		{B0CBCD0E-8748-4271-9915-A3507BEC8B51}.Release|Any CPU.ActiveCfg = Release|Any CPU
		{B0CBCD0E-8748-4271-9915-A3507BEC8B51}.Release|Any CPU.Build.0 = Release|Any CPU
		{3CB5444A-DDD1-43B3-A924-A73AD6161227}.Debug|Any CPU.ActiveCfg = Debug|Any CPU
		{3CB5444A-DDD1-43B3-A924-A73AD6161227}.Debug|Any CPU.Build.0 = Debug|Any CPU
		{3CB5444A-DDD1-43B3-A924-A73AD6161227}.Release|Any CPU.ActiveCfg = Release|Any CPU
		{3CB5444A-DDD1-43B3-A924-A73AD6161227}.Release|Any CPU.Build.0 = Release|Any CPU
		{3BECC991-0685-463E-96EE-6BB90503FBDC}.Debug|Any CPU.ActiveCfg = Debug|Any CPU
		{3BECC991-0685-463E-96EE-6BB90503FBDC}.Debug|Any CPU.Build.0 = Debug|Any CPU
		{3BECC991-0685-463E-96EE-6BB90503FBDC}.Release|Any CPU.ActiveCfg = Release|Any CPU
		{3BECC991-0685-463E-96EE-6BB90503FBDC}.Release|Any CPU.Build.0 = Release|Any CPU
		{07A543B3-59DB-4647-B609-8B9CD08BC07E}.Debug|Any CPU.ActiveCfg = Debug|Any CPU
		{07A543B3-59DB-4647-B609-8B9CD08BC07E}.Debug|Any CPU.Build.0 = Debug|Any CPU
		{07A543B3-59DB-4647-B609-8B9CD08BC07E}.Release|Any CPU.ActiveCfg = Release|Any CPU
		{07A543B3-59DB-4647-B609-8B9CD08BC07E}.Release|Any CPU.Build.0 = Release|Any CPU
		{24FFFD5F-094E-4753-85AC-95CE6BADCE2F}.Debug|Any CPU.ActiveCfg = Debug|Any CPU
		{24FFFD5F-094E-4753-85AC-95CE6BADCE2F}.Debug|Any CPU.Build.0 = Debug|Any CPU
		{24FFFD5F-094E-4753-85AC-95CE6BADCE2F}.Release|Any CPU.ActiveCfg = Release|Any CPU
		{24FFFD5F-094E-4753-85AC-95CE6BADCE2F}.Release|Any CPU.Build.0 = Release|Any CPU
		{F467A50F-8980-4637-A1E2-396A64C9645E}.Debug|Any CPU.ActiveCfg = Debug|Any CPU
		{F467A50F-8980-4637-A1E2-396A64C9645E}.Debug|Any CPU.Build.0 = Debug|Any CPU
		{F467A50F-8980-4637-A1E2-396A64C9645E}.Release|Any CPU.ActiveCfg = Release|Any CPU
		{F467A50F-8980-4637-A1E2-396A64C9645E}.Release|Any CPU.Build.0 = Release|Any CPU
		{B9D58F3A-A6A3-4524-B14D-E96D8D48D621}.Debug|Any CPU.ActiveCfg = Debug|Any CPU
		{B9D58F3A-A6A3-4524-B14D-E96D8D48D621}.Debug|Any CPU.Build.0 = Debug|Any CPU
		{B9D58F3A-A6A3-4524-B14D-E96D8D48D621}.Release|Any CPU.ActiveCfg = Release|Any CPU
		{B9D58F3A-A6A3-4524-B14D-E96D8D48D621}.Release|Any CPU.Build.0 = Release|Any CPU
	EndGlobalSection
	GlobalSection(NestedProjects) = preSolution
		{B0CBCD0E-8748-4271-9915-A3507BEC8B51} = {BFB40D99-6EBC-4216-90D3-97302EC08435}
		{3CB5444A-DDD1-43B3-A924-A73AD6161227} = {BFB40D99-6EBC-4216-90D3-97302EC08435}
		{3BECC991-0685-463E-96EE-6BB90503FBDC} = {BFB40D99-6EBC-4216-90D3-97302EC08435}
		{07A543B3-59DB-4647-B609-8B9CD08BC07E} = {BFB40D99-6EBC-4216-90D3-97302EC08435}
		{24FFFD5F-094E-4753-85AC-95CE6BADCE2F} = {F90FCBBD-D0DA-4763-A8B4-936E9E829900}
		{F467A50F-8980-4637-A1E2-396A64C9645E} = {F90FCBBD-D0DA-4763-A8B4-936E9E829900}
		{B9D58F3A-A6A3-4524-B14D-E96D8D48D621} = {F90FCBBD-D0DA-4763-A8B4-936E9E829900}
	EndGlobalSection
EndGlobal
